
Microsoft Visual Studio Solution File, Format Version 12.00
# Visual Studio Version 16
VisualStudioVersion = 16.0.30002.166
MinimumVisualStudioVersion = 10.0.40219.1
Project("{FAE04EC0-301F-11D3-BF4B-00C04F79EFBC}") = "Bite", "Bite\Bite.csproj", "{11298F4C-3E8C-4040-939B-74480C1F495A}"
EndProject
Project("{FAE04EC0-301F-11D3-BF4B-00C04F79EFBC}") = "BiteGui", "BiteGui\BiteGui.csproj", "{A196BE25-AC9B-4149-B17D-0D7B72C06261}"
EndProject
Global
	GlobalSection(SolutionConfigurationPlatforms) = preSolution
		Debug|Any CPU = Debug|Any CPU
		Release|Any CPU = Release|Any CPU
	EndGlobalSection
	GlobalSection(ProjectConfigurationPlatforms) = postSolution
		{11298F4C-3E8C-4040-939B-74480C1F495A}.Debug|Any CPU.ActiveCfg = Debug|Any CPU
		{11298F4C-3E8C-4040-939B-74480C1F495A}.Debug|Any CPU.Build.0 = Debug|Any CPU
		{11298F4C-3E8C-4040-939B-74480C1F495A}.Release|Any CPU.ActiveCfg = Release|Any CPU
		{11298F4C-3E8C-4040-939B-74480C1F495A}.Release|Any CPU.Build.0 = Release|Any CPU
		{A196BE25-AC9B-4149-B17D-0D7B72C06261}.Debug|Any CPU.ActiveCfg = Debug|Any CPU
		{A196BE25-AC9B-4149-B17D-0D7B72C06261}.Debug|Any CPU.Build.0 = Debug|Any CPU
		{A196BE25-AC9B-4149-B17D-0D7B72C06261}.Release|Any CPU.ActiveCfg = Release|Any CPU
		{A196BE25-AC9B-4149-B17D-0D7B72C06261}.Release|Any CPU.Build.0 = Release|Any CPU
	EndGlobalSection
	GlobalSection(SolutionProperties) = preSolution
		HideSolutionNode = FALSE
	EndGlobalSection
	GlobalSection(ExtensibilityGlobals) = postSolution
		SolutionGuid = {C8E6C0A6-A927-4903-82CD-07F8042F2F8F}
	EndGlobalSection
EndGlobal
